// !$*UTF8*$!
{
	archiveVersion = 1;
	classes = {
	};
	objectVersion = 55;
	objects = {

/* Begin PBXBuildFile section */
		30F1160E1B41F7977BD2F4D8 /* Pods_MaratBetProject.framework in Frameworks */ = {isa = PBXBuildFile; fileRef = B0B772647D6B02CA1E71926D /* Pods_MaratBetProject.framework */; };
		4ACFC747E6B42A68F78087A2 /* Pods_MaratBetProjectTests.framework in Frameworks */ = {isa = PBXBuildFile; fileRef = C5C90F86F2F86B47254F0DA8 /* Pods_MaratBetProjectTests.framework */; };
		EB0F5D832825AD7C00FAEC7A /* MyHockeyResponse.swift in Sources */ = {isa = PBXBuildFile; fileRef = EB0F5D822825AD7C00FAEC7A /* MyHockeyResponse.swift */; };
		EB0F5D852825AE3900FAEC7A /* HockeyMatch.swift in Sources */ = {isa = PBXBuildFile; fileRef = EB0F5D842825AE3900FAEC7A /* HockeyMatch.swift */; };
		EB0F5D872825B0E000FAEC7A /* HockeyTeams.swift in Sources */ = {isa = PBXBuildFile; fileRef = EB0F5D862825B0E000FAEC7A /* HockeyTeams.swift */; };
		EB0F5D892825B1A200FAEC7A /* Country.swift in Sources */ = {isa = PBXBuildFile; fileRef = EB0F5D882825B1A200FAEC7A /* Country.swift */; };
		EB0F5D8B2825B1F500FAEC7A /* MyBasketBallResponse.swift in Sources */ = {isa = PBXBuildFile; fileRef = EB0F5D8A2825B1F500FAEC7A /* MyBasketBallResponse.swift */; };
		EB0F5D8D2825B23400FAEC7A /* BasketBallMatch.swift in Sources */ = {isa = PBXBuildFile; fileRef = EB0F5D8C2825B23400FAEC7A /* BasketBallMatch.swift */; };
		EB152B87283909B3008E3FA1 /* EventCollectionViewCell.swift in Sources */ = {isa = PBXBuildFile; fileRef = EB152B86283909B3008E3FA1 /* EventCollectionViewCell.swift */; };
		EB225CE127FCA6BD002E2769 /* swiftgen.yml in Resources */ = {isa = PBXBuildFile; fileRef = EB225CE027FCA6BD002E2769 /* swiftgen.yml */; };
		EB225CE827FCA839002E2769 /* Strings.swift in Sources */ = {isa = PBXBuildFile; fileRef = EB225CE627FCA839002E2769 /* Strings.swift */; };
		EB225CE927FCA839002E2769 /* Assets.swift in Sources */ = {isa = PBXBuildFile; fileRef = EB225CE727FCA839002E2769 /* Assets.swift */; };
		EB225CF027FCAB7B002E2769 /* Coordinator.swift in Sources */ = {isa = PBXBuildFile; fileRef = EB225CEF27FCAB7B002E2769 /* Coordinator.swift */; };
		EB225CF227FCAB88002E2769 /* MainCoordinator.swift in Sources */ = {isa = PBXBuildFile; fileRef = EB225CF127FCAB88002E2769 /* MainCoordinator.swift */; };
		EB225CF427FCAB99002E2769 /* OnboardingCoordinator.swift in Sources */ = {isa = PBXBuildFile; fileRef = EB225CF327FCAB99002E2769 /* OnboardingCoordinator.swift */; };
		EB225CF627FCABA7002E2769 /* SignUpCoordinator.swift in Sources */ = {isa = PBXBuildFile; fileRef = EB225CF527FCABA7002E2769 /* SignUpCoordinator.swift */; };
		EB225CF827FCABB3002E2769 /* SignInCoordinator.swift in Sources */ = {isa = PBXBuildFile; fileRef = EB225CF727FCABB3002E2769 /* SignInCoordinator.swift */; };
		EB225CFF27FCABFF002E2769 /* OnboardingViewController.swift in Sources */ = {isa = PBXBuildFile; fileRef = EB225CFE27FCABFF002E2769 /* OnboardingViewController.swift */; };
		EB225D0127FCAC63002E2769 /* SignInViewController.swift in Sources */ = {isa = PBXBuildFile; fileRef = EB225D0027FCAC63002E2769 /* SignInViewController.swift */; };
		EB225D0327FCAC79002E2769 /* SignUpViewController.swift in Sources */ = {isa = PBXBuildFile; fileRef = EB225D0227FCAC79002E2769 /* SignUpViewController.swift */; };
		EB225D0527FCACB8002E2769 /* SignInViewModel.swift in Sources */ = {isa = PBXBuildFile; fileRef = EB225D0427FCACB8002E2769 /* SignInViewModel.swift */; };
		EB225D0727FCACCE002E2769 /* SignUpViewModel.swift in Sources */ = {isa = PBXBuildFile; fileRef = EB225D0627FCACCE002E2769 /* SignUpViewModel.swift */; };
		EB225D0A27FCACFB002E2769 /* User.swift in Sources */ = {isa = PBXBuildFile; fileRef = EB225D0927FCACFB002E2769 /* User.swift */; };
		EB225D0C27FCAD76002E2769 /* Matches.swift in Sources */ = {isa = PBXBuildFile; fileRef = EB225D0B27FCAD76002E2769 /* Matches.swift */; };
		EB225D0F27FCADB8002E2769 /* AuthBinding.swift in Sources */ = {isa = PBXBuildFile; fileRef = EB225D0E27FCADB8002E2769 /* AuthBinding.swift */; };
		EB225D1127FCADC7002E2769 /* Validation.swift in Sources */ = {isa = PBXBuildFile; fileRef = EB225D1027FCADC7002E2769 /* Validation.swift */; };
		EB225D1327FCADE0002E2769 /* Factory.swift in Sources */ = {isa = PBXBuildFile; fileRef = EB225D1227FCADE0002E2769 /* Factory.swift */; };
		EB225D1627FCAE06002E2769 /* AuthMoyaConfiguration.swift in Sources */ = {isa = PBXBuildFile; fileRef = EB225D1527FCAE06002E2769 /* AuthMoyaConfiguration.swift */; };
		EB225D1827FCAE20002E2769 /* SignInService.swift in Sources */ = {isa = PBXBuildFile; fileRef = EB225D1727FCAE20002E2769 /* SignInService.swift */; };
		EB225D1A27FCAE29002E2769 /* SignUpService.swift in Sources */ = {isa = PBXBuildFile; fileRef = EB225D1927FCAE29002E2769 /* SignUpService.swift */; };
		EB225D1D27FCAE78002E2769 /* ErrorEnums.swift in Sources */ = {isa = PBXBuildFile; fileRef = EB225D1C27FCAE78002E2769 /* ErrorEnums.swift */; };
		EB263B462800AD0C00E3F3B4 /* MaratBetIntegrationalTests.swift in Sources */ = {isa = PBXBuildFile; fileRef = EB263B452800AD0C00E3F3B4 /* MaratBetIntegrationalTests.swift */; };
		EB2DAD24283D6A4600CC4396 /* UserPredictionTableViewCell.swift in Sources */ = {isa = PBXBuildFile; fileRef = EB2DAD23283D6A4600CC4396 /* UserPredictionTableViewCell.swift */; };
		EB2DAD26283D72E000CC4396 /* ProfileViewModel.swift in Sources */ = {isa = PBXBuildFile; fileRef = EB2DAD25283D72E000CC4396 /* ProfileViewModel.swift */; };
		EB3D9F652815D91500D6D91C /* Colors.swift in Sources */ = {isa = PBXBuildFile; fileRef = EB3D9F642815D91500D6D91C /* Colors.swift */; };
		EB3D9F672816B4A700D6D91C /* DateConfigurator.swift in Sources */ = {isa = PBXBuildFile; fileRef = EB3D9F662816B4A700D6D91C /* DateConfigurator.swift */; };
		EB3D9F692816C5BC00D6D91C /* BalanceViewModel.swift in Sources */ = {isa = PBXBuildFile; fileRef = EB3D9F682816C5BC00D6D91C /* BalanceViewModel.swift */; };
		EB51391D280C67EE00E6EC59 /* FootballMatch.swift in Sources */ = {isa = PBXBuildFile; fileRef = EB51391C280C67EE00E6EC59 /* FootballMatch.swift */; };
		EB51391F280C728400E6EC59 /* FeedCoordinator.swift in Sources */ = {isa = PBXBuildFile; fileRef = EB51391E280C728400E6EC59 /* FeedCoordinator.swift */; };
		EB513921280CB89800E6EC59 /* MyFootballResponse.swift in Sources */ = {isa = PBXBuildFile; fileRef = EB513920280CB89800E6EC59 /* MyFootballResponse.swift */; };
		EB513926280D365300E6EC59 /* FeedViewTableViewCell.swift in Sources */ = {isa = PBXBuildFile; fileRef = EB513925280D365300E6EC59 /* FeedViewTableViewCell.swift */; };
		EB513928280D38D900E6EC59 /* ImageViewPatterns.swift in Sources */ = {isa = PBXBuildFile; fileRef = EB513927280D38D900E6EC59 /* ImageViewPatterns.swift */; };
		EB51392A280D4B9B00E6EC59 /* StatisticsCoordinator.swift in Sources */ = {isa = PBXBuildFile; fileRef = EB513929280D4B9B00E6EC59 /* StatisticsCoordinator.swift */; };
		EB51392C280D4BA500E6EC59 /* ProfileCoordinator.swift in Sources */ = {isa = PBXBuildFile; fileRef = EB51392B280D4BA500E6EC59 /* ProfileCoordinator.swift */; };
		EB51392E280D4BAF00E6EC59 /* BalanceCoordinator.swift in Sources */ = {isa = PBXBuildFile; fileRef = EB51392D280D4BAF00E6EC59 /* BalanceCoordinator.swift */; };
		EB513930280DA6F500E6EC59 /* Question.swift in Sources */ = {isa = PBXBuildFile; fileRef = EB51392F280DA6F500E6EC59 /* Question.swift */; };
		EB9A528D284024EA00D3FF8D /* MockData.swift in Sources */ = {isa = PBXBuildFile; fileRef = EB9A528C284024EA00D3FF8D /* MockData.swift */; };
		EB9A528F28402D3500D3FF8D /* UIImage+Decompression.swift in Sources */ = {isa = PBXBuildFile; fileRef = EB9A528E28402D3500D3FF8D /* UIImage+Decompression.swift */; };
		EB9A5291284033B000D3FF8D /* StatisticsCollectionViewController.swift in Sources */ = {isa = PBXBuildFile; fileRef = EB9A5290284033B000D3FF8D /* StatisticsCollectionViewController.swift */; };
		EB9A52932840369900D3FF8D /* StatisticMoyaConfiguration.swift in Sources */ = {isa = PBXBuildFile; fileRef = EB9A52922840369900D3FF8D /* StatisticMoyaConfiguration.swift */; };
		EB9A52952840380900D3FF8D /* StatisticsDetailViewController.swift in Sources */ = {isa = PBXBuildFile; fileRef = EB9A52942840380900D3FF8D /* StatisticsDetailViewController.swift */; };
		EB9A529828403F1500D3FF8D /* StatisticsDetailTableViewCell.swift in Sources */ = {isa = PBXBuildFile; fileRef = EB9A529728403F1500D3FF8D /* StatisticsDetailTableViewCell.swift */; };
		EB9A529D28407D4E00D3FF8D /* UIView+Extension.swift in Sources */ = {isa = PBXBuildFile; fileRef = EB9A529C28407D4E00D3FF8D /* UIView+Extension.swift */; };
		EBBEA08A2802E35A00F190E2 /* KeychainService.swift in Sources */ = {isa = PBXBuildFile; fileRef = EBBEA0892802E35A00F190E2 /* KeychainService.swift */; };
		EBBEA08D2803540100F190E2 /* FeedViewController.swift in Sources */ = {isa = PBXBuildFile; fileRef = EBBEA08C2803540100F190E2 /* FeedViewController.swift */; };
		EBBEA0902803542800F190E2 /* FeedViewModel.swift in Sources */ = {isa = PBXBuildFile; fileRef = EBBEA08F2803542800F190E2 /* FeedViewModel.swift */; };
		EBBEA095280356FE00F190E2 /* TabBarCoordinator.swift in Sources */ = {isa = PBXBuildFile; fileRef = EBBEA094280356FE00F190E2 /* TabBarCoordinator.swift */; };
		EBBEA09728037AE500F190E2 /* ButtonPatterns.swift in Sources */ = {isa = PBXBuildFile; fileRef = EBBEA09628037AE500F190E2 /* ButtonPatterns.swift */; };
		EBBEA09928037E1000F190E2 /* StackViewPatterns.swift in Sources */ = {isa = PBXBuildFile; fileRef = EBBEA09828037E1000F190E2 /* StackViewPatterns.swift */; };
		EBBEA09B28037E1C00F190E2 /* TextFieldPatterns.swift in Sources */ = {isa = PBXBuildFile; fileRef = EBBEA09A28037E1C00F190E2 /* TextFieldPatterns.swift */; };
		EBBEA09D28037E8B00F190E2 /* LabelPatterns.swift in Sources */ = {isa = PBXBuildFile; fileRef = EBBEA09C28037E8B00F190E2 /* LabelPatterns.swift */; };
		EBBEA0A3280384B900F190E2 /* ProfileViewController.swift in Sources */ = {isa = PBXBuildFile; fileRef = EBBEA0A2280384B800F190E2 /* ProfileViewController.swift */; };
		EBBEA0A6280384CD00F190E2 /* BalanceViewController.swift in Sources */ = {isa = PBXBuildFile; fileRef = EBBEA0A5280384CD00F190E2 /* BalanceViewController.swift */; };
		EBBEA0AF2804114700F190E2 /* Localizable.strings in Resources */ = {isa = PBXBuildFile; fileRef = EBBEA0B12804114700F190E2 /* Localizable.strings */; };
		EBBEA0B628045E7E00F190E2 /* Fixture.swift in Sources */ = {isa = PBXBuildFile; fileRef = EBBEA0B528045E7E00F190E2 /* Fixture.swift */; };
		EBBEA0B828045E8D00F190E2 /* League.swift in Sources */ = {isa = PBXBuildFile; fileRef = EBBEA0B728045E8D00F190E2 /* League.swift */; };
		EBBEA0BA28045E9900F190E2 /* Teams.swift in Sources */ = {isa = PBXBuildFile; fileRef = EBBEA0B928045E9900F190E2 /* Teams.swift */; };
		EBBEA0BC28045EAB00F190E2 /* Goals.swift in Sources */ = {isa = PBXBuildFile; fileRef = EBBEA0BB28045EAB00F190E2 /* Goals.swift */; };
		EBBEA0BE28045EBA00F190E2 /* Score.swift in Sources */ = {isa = PBXBuildFile; fileRef = EBBEA0BD28045EBA00F190E2 /* Score.swift */; };
		EBC0308C281FC09500E91C19 /* FeedCollectionViewCell.swift in Sources */ = {isa = PBXBuildFile; fileRef = EBC0308B281FC09500E91C19 /* FeedCollectionViewCell.swift */; };
		EBC0308E281FC32B00E91C19 /* Sport.swift in Sources */ = {isa = PBXBuildFile; fileRef = EBC0308D281FC32B00E91C19 /* Sport.swift */; };
		EBC03090281FD8FC00E91C19 /* FeedViewCollectionView.swift in Sources */ = {isa = PBXBuildFile; fileRef = EBC0308F281FD8FC00E91C19 /* FeedViewCollectionView.swift */; };
		EBC030932821C16500E91C19 /* MatchMoyaConfiguration.swift in Sources */ = {isa = PBXBuildFile; fileRef = EBC030922821C16500E91C19 /* MatchMoyaConfiguration.swift */; };
		EBE9A8DB27FC417100436197 /* AppDelegate.swift in Sources */ = {isa = PBXBuildFile; fileRef = EBE9A8DA27FC417100436197 /* AppDelegate.swift */; };
		EBE9A8DF27FC417100436197 /* ViewController.swift in Sources */ = {isa = PBXBuildFile; fileRef = EBE9A8DE27FC417100436197 /* ViewController.swift */; };
		EBE9A8E527FC417100436197 /* MaratBetProject.xcdatamodeld in Sources */ = {isa = PBXBuildFile; fileRef = EBE9A8E327FC417100436197 /* MaratBetProject.xcdatamodeld */; };
		EBE9A8E727FC417200436197 /* Assets.xcassets in Resources */ = {isa = PBXBuildFile; fileRef = EBE9A8E627FC417200436197 /* Assets.xcassets */; };
		EBE9A8EA27FC417200436197 /* LaunchScreen.storyboard in Resources */ = {isa = PBXBuildFile; fileRef = EBE9A8E827FC417200436197 /* LaunchScreen.storyboard */; };
		EBE9A8F527FC417200436197 /* MaratBetProjectTests.swift in Sources */ = {isa = PBXBuildFile; fileRef = EBE9A8F427FC417200436197 /* MaratBetProjectTests.swift */; };
		EBF8B9F628400702009D23BD /* StatisticsViewController.swift in Sources */ = {isa = PBXBuildFile; fileRef = EBF8B9F528400702009D23BD /* StatisticsViewController.swift */; };
		EBF8B9F8284008B6009D23BD /* StatisticsCellCollectionViewCell.swift in Sources */ = {isa = PBXBuildFile; fileRef = EBF8B9F7284008B6009D23BD /* StatisticsCellCollectionViewCell.swift */; };
		EBF8B9FA28400A88009D23BD /* StatisticsViewModel.swift in Sources */ = {isa = PBXBuildFile; fileRef = EBF8B9F928400A88009D23BD /* StatisticsViewModel.swift */; };
		EBF8B9FC28400B4F009D23BD /* StatisticsResponse.swift in Sources */ = {isa = PBXBuildFile; fileRef = EBF8B9FB28400B4F009D23BD /* StatisticsResponse.swift */; };
		EBF8B9FE28400E19009D23BD /* StatisticsLayout.swift in Sources */ = {isa = PBXBuildFile; fileRef = EBF8B9FD28400E19009D23BD /* StatisticsLayout.swift */; };
		EBF8BA0028401590009D23BD /* StatisticTeam.swift in Sources */ = {isa = PBXBuildFile; fileRef = EBF8B9FF28401590009D23BD /* StatisticTeam.swift */; };
		EBFC33FF2829435A00AE381E /* FeedDetailViewController.swift in Sources */ = {isa = PBXBuildFile; fileRef = EBFC33FE2829435A00AE381E /* FeedDetailViewController.swift */; };
		EBFC340128294BAA00AE381E /* BetMoyaConfiguration.swift in Sources */ = {isa = PBXBuildFile; fileRef = EBFC340028294BAA00AE381E /* BetMoyaConfiguration.swift */; };
		EBFC3403282AB05C00AE381E /* BetResponse.swift in Sources */ = {isa = PBXBuildFile; fileRef = EBFC3402282AB05C00AE381E /* BetResponse.swift */; };
		EBFC3405282AB16400AE381E /* Bet.swift in Sources */ = {isa = PBXBuildFile; fileRef = EBFC3404282AB16400AE381E /* Bet.swift */; };
		EBFC3407282AD80800AE381E /* DataType.swift in Sources */ = {isa = PBXBuildFile; fileRef = EBFC3406282AD80700AE381E /* DataType.swift */; };
		EBFC3409282B01A000AE381E /* FeedDetailTableViewCell.swift in Sources */ = {isa = PBXBuildFile; fileRef = EBFC3408282B01A000AE381E /* FeedDetailTableViewCell.swift */; };
		EBFC340B282BB33D00AE381E /* UserPredictionViewController.swift in Sources */ = {isa = PBXBuildFile; fileRef = EBFC340A282BB33D00AE381E /* UserPredictionViewController.swift */; };
		EBFC340D282BEB3000AE381E /* UserPrediction.swift in Sources */ = {isa = PBXBuildFile; fileRef = EBFC340C282BEB3000AE381E /* UserPrediction.swift */; };
/* End PBXBuildFile section */

/* Begin PBXContainerItemProxy section */
		EBE9A8F127FC417200436197 /* PBXContainerItemProxy */ = {
			isa = PBXContainerItemProxy;
			containerPortal = EBE9A8CF27FC417100436197 /* Project object */;
			proxyType = 1;
			remoteGlobalIDString = EBE9A8D627FC417100436197;
			remoteInfo = MaratBetProject;
		};
/* End PBXContainerItemProxy section */

/* Begin PBXFileReference section */
		1BD79FEDC0CA4200EAF25890 /* Pods-MaratBetProjectTests.release.xcconfig */ = {isa = PBXFileReference; includeInIndex = 1; lastKnownFileType = text.xcconfig; name = "Pods-MaratBetProjectTests.release.xcconfig"; path = "Target Support Files/Pods-MaratBetProjectTests/Pods-MaratBetProjectTests.release.xcconfig"; sourceTree = "<group>"; };
		63DEA3B585EE16CC554F9C9E /* Pods-MaratBetProject.debug.xcconfig */ = {isa = PBXFileReference; includeInIndex = 1; lastKnownFileType = text.xcconfig; name = "Pods-MaratBetProject.debug.xcconfig"; path = "Target Support Files/Pods-MaratBetProject/Pods-MaratBetProject.debug.xcconfig"; sourceTree = "<group>"; };
		7B7E00E831F4A5F2D5610608 /* Pods_MaratBetProject_MaratBetProjectUITests.framework */ = {isa = PBXFileReference; explicitFileType = wrapper.framework; includeInIndex = 0; path = Pods_MaratBetProject_MaratBetProjectUITests.framework; sourceTree = BUILT_PRODUCTS_DIR; };
		A9A87B78304AC3F24CBD8D11 /* Pods-MaratBetProject-MaratBetProjectUITests.release.xcconfig */ = {isa = PBXFileReference; includeInIndex = 1; lastKnownFileType = text.xcconfig; name = "Pods-MaratBetProject-MaratBetProjectUITests.release.xcconfig"; path = "Target Support Files/Pods-MaratBetProject-MaratBetProjectUITests/Pods-MaratBetProject-MaratBetProjectUITests.release.xcconfig"; sourceTree = "<group>"; };
		B0B772647D6B02CA1E71926D /* Pods_MaratBetProject.framework */ = {isa = PBXFileReference; explicitFileType = wrapper.framework; includeInIndex = 0; path = Pods_MaratBetProject.framework; sourceTree = BUILT_PRODUCTS_DIR; };
		C5C90F86F2F86B47254F0DA8 /* Pods_MaratBetProjectTests.framework */ = {isa = PBXFileReference; explicitFileType = wrapper.framework; includeInIndex = 0; path = Pods_MaratBetProjectTests.framework; sourceTree = BUILT_PRODUCTS_DIR; };
		E4F4B14F913354B54BF3C7DD /* Pods-MaratBetProject.release.xcconfig */ = {isa = PBXFileReference; includeInIndex = 1; lastKnownFileType = text.xcconfig; name = "Pods-MaratBetProject.release.xcconfig"; path = "Target Support Files/Pods-MaratBetProject/Pods-MaratBetProject.release.xcconfig"; sourceTree = "<group>"; };
		E6F62F7AA6CE233C92D36612 /* Pods-MaratBetProject-MaratBetProjectUITests.debug.xcconfig */ = {isa = PBXFileReference; includeInIndex = 1; lastKnownFileType = text.xcconfig; name = "Pods-MaratBetProject-MaratBetProjectUITests.debug.xcconfig"; path = "Target Support Files/Pods-MaratBetProject-MaratBetProjectUITests/Pods-MaratBetProject-MaratBetProjectUITests.debug.xcconfig"; sourceTree = "<group>"; };
		E7B4066CCEA999CACD1E2120 /* Pods-MaratBetProjectTests.debug.xcconfig */ = {isa = PBXFileReference; includeInIndex = 1; lastKnownFileType = text.xcconfig; name = "Pods-MaratBetProjectTests.debug.xcconfig"; path = "Target Support Files/Pods-MaratBetProjectTests/Pods-MaratBetProjectTests.debug.xcconfig"; sourceTree = "<group>"; };
		EB0F5D822825AD7C00FAEC7A /* MyHockeyResponse.swift */ = {isa = PBXFileReference; lastKnownFileType = sourcecode.swift; path = MyHockeyResponse.swift; sourceTree = "<group>"; };
		EB0F5D842825AE3900FAEC7A /* HockeyMatch.swift */ = {isa = PBXFileReference; lastKnownFileType = sourcecode.swift; path = HockeyMatch.swift; sourceTree = "<group>"; };
		EB0F5D862825B0E000FAEC7A /* HockeyTeams.swift */ = {isa = PBXFileReference; lastKnownFileType = sourcecode.swift; path = HockeyTeams.swift; sourceTree = "<group>"; };
		EB0F5D882825B1A200FAEC7A /* Country.swift */ = {isa = PBXFileReference; lastKnownFileType = sourcecode.swift; path = Country.swift; sourceTree = "<group>"; };
		EB0F5D8A2825B1F500FAEC7A /* MyBasketBallResponse.swift */ = {isa = PBXFileReference; lastKnownFileType = sourcecode.swift; path = MyBasketBallResponse.swift; sourceTree = "<group>"; };
		EB0F5D8C2825B23400FAEC7A /* BasketBallMatch.swift */ = {isa = PBXFileReference; lastKnownFileType = sourcecode.swift; path = BasketBallMatch.swift; sourceTree = "<group>"; };
		EB152B86283909B3008E3FA1 /* EventCollectionViewCell.swift */ = {isa = PBXFileReference; lastKnownFileType = sourcecode.swift; path = EventCollectionViewCell.swift; sourceTree = "<group>"; };
		EB225CE027FCA6BD002E2769 /* swiftgen.yml */ = {isa = PBXFileReference; fileEncoding = 4; lastKnownFileType = text.yaml; path = swiftgen.yml; sourceTree = "<group>"; };
		EB225CE627FCA839002E2769 /* Strings.swift */ = {isa = PBXFileReference; fileEncoding = 4; lastKnownFileType = sourcecode.swift; path = Strings.swift; sourceTree = "<group>"; };
		EB225CE727FCA839002E2769 /* Assets.swift */ = {isa = PBXFileReference; fileEncoding = 4; lastKnownFileType = sourcecode.swift; path = Assets.swift; sourceTree = "<group>"; };
		EB225CEF27FCAB7B002E2769 /* Coordinator.swift */ = {isa = PBXFileReference; lastKnownFileType = sourcecode.swift; path = Coordinator.swift; sourceTree = "<group>"; };
		EB225CF127FCAB88002E2769 /* MainCoordinator.swift */ = {isa = PBXFileReference; lastKnownFileType = sourcecode.swift; path = MainCoordinator.swift; sourceTree = "<group>"; };
		EB225CF327FCAB99002E2769 /* OnboardingCoordinator.swift */ = {isa = PBXFileReference; lastKnownFileType = sourcecode.swift; path = OnboardingCoordinator.swift; sourceTree = "<group>"; };
		EB225CF527FCABA7002E2769 /* SignUpCoordinator.swift */ = {isa = PBXFileReference; lastKnownFileType = sourcecode.swift; path = SignUpCoordinator.swift; sourceTree = "<group>"; };
		EB225CF727FCABB3002E2769 /* SignInCoordinator.swift */ = {isa = PBXFileReference; lastKnownFileType = sourcecode.swift; path = SignInCoordinator.swift; sourceTree = "<group>"; };
		EB225CFE27FCABFF002E2769 /* OnboardingViewController.swift */ = {isa = PBXFileReference; lastKnownFileType = sourcecode.swift; path = OnboardingViewController.swift; sourceTree = "<group>"; };
		EB225D0027FCAC63002E2769 /* SignInViewController.swift */ = {isa = PBXFileReference; lastKnownFileType = sourcecode.swift; path = SignInViewController.swift; sourceTree = "<group>"; };
		EB225D0227FCAC79002E2769 /* SignUpViewController.swift */ = {isa = PBXFileReference; lastKnownFileType = sourcecode.swift; path = SignUpViewController.swift; sourceTree = "<group>"; };
		EB225D0427FCACB8002E2769 /* SignInViewModel.swift */ = {isa = PBXFileReference; lastKnownFileType = sourcecode.swift; path = SignInViewModel.swift; sourceTree = "<group>"; };
		EB225D0627FCACCE002E2769 /* SignUpViewModel.swift */ = {isa = PBXFileReference; lastKnownFileType = sourcecode.swift; path = SignUpViewModel.swift; sourceTree = "<group>"; };
		EB225D0927FCACFB002E2769 /* User.swift */ = {isa = PBXFileReference; lastKnownFileType = sourcecode.swift; path = User.swift; sourceTree = "<group>"; };
		EB225D0B27FCAD76002E2769 /* Matches.swift */ = {isa = PBXFileReference; lastKnownFileType = sourcecode.swift; path = Matches.swift; sourceTree = "<group>"; };
		EB225D0E27FCADB8002E2769 /* AuthBinding.swift */ = {isa = PBXFileReference; lastKnownFileType = sourcecode.swift; path = AuthBinding.swift; sourceTree = "<group>"; };
		EB225D1027FCADC7002E2769 /* Validation.swift */ = {isa = PBXFileReference; lastKnownFileType = sourcecode.swift; path = Validation.swift; sourceTree = "<group>"; };
		EB225D1227FCADE0002E2769 /* Factory.swift */ = {isa = PBXFileReference; lastKnownFileType = sourcecode.swift; path = Factory.swift; sourceTree = "<group>"; };
		EB225D1527FCAE06002E2769 /* AuthMoyaConfiguration.swift */ = {isa = PBXFileReference; lastKnownFileType = sourcecode.swift; path = AuthMoyaConfiguration.swift; sourceTree = "<group>"; };
		EB225D1727FCAE20002E2769 /* SignInService.swift */ = {isa = PBXFileReference; lastKnownFileType = sourcecode.swift; path = SignInService.swift; sourceTree = "<group>"; };
		EB225D1927FCAE29002E2769 /* SignUpService.swift */ = {isa = PBXFileReference; lastKnownFileType = sourcecode.swift; path = SignUpService.swift; sourceTree = "<group>"; };
		EB225D1C27FCAE78002E2769 /* ErrorEnums.swift */ = {isa = PBXFileReference; lastKnownFileType = sourcecode.swift; path = ErrorEnums.swift; sourceTree = "<group>"; };
		EB263B452800AD0C00E3F3B4 /* MaratBetIntegrationalTests.swift */ = {isa = PBXFileReference; lastKnownFileType = sourcecode.swift; path = MaratBetIntegrationalTests.swift; sourceTree = "<group>"; };
		EB2DAD23283D6A4600CC4396 /* UserPredictionTableViewCell.swift */ = {isa = PBXFileReference; lastKnownFileType = sourcecode.swift; path = UserPredictionTableViewCell.swift; sourceTree = "<group>"; };
		EB2DAD25283D72E000CC4396 /* ProfileViewModel.swift */ = {isa = PBXFileReference; lastKnownFileType = sourcecode.swift; path = ProfileViewModel.swift; sourceTree = "<group>"; };
		EB3D9F642815D91500D6D91C /* Colors.swift */ = {isa = PBXFileReference; lastKnownFileType = sourcecode.swift; path = Colors.swift; sourceTree = "<group>"; };
		EB3D9F662816B4A700D6D91C /* DateConfigurator.swift */ = {isa = PBXFileReference; lastKnownFileType = sourcecode.swift; path = DateConfigurator.swift; sourceTree = "<group>"; };
		EB3D9F682816C5BC00D6D91C /* BalanceViewModel.swift */ = {isa = PBXFileReference; lastKnownFileType = sourcecode.swift; path = BalanceViewModel.swift; sourceTree = "<group>"; };
		EB51391C280C67EE00E6EC59 /* FootballMatch.swift */ = {isa = PBXFileReference; lastKnownFileType = sourcecode.swift; path = FootballMatch.swift; sourceTree = "<group>"; };
		EB51391E280C728400E6EC59 /* FeedCoordinator.swift */ = {isa = PBXFileReference; lastKnownFileType = sourcecode.swift; path = FeedCoordinator.swift; sourceTree = "<group>"; };
		EB513920280CB89800E6EC59 /* MyFootballResponse.swift */ = {isa = PBXFileReference; lastKnownFileType = sourcecode.swift; path = MyFootballResponse.swift; sourceTree = "<group>"; };
		EB513925280D365300E6EC59 /* FeedViewTableViewCell.swift */ = {isa = PBXFileReference; lastKnownFileType = sourcecode.swift; path = FeedViewTableViewCell.swift; sourceTree = "<group>"; };
		EB513927280D38D900E6EC59 /* ImageViewPatterns.swift */ = {isa = PBXFileReference; lastKnownFileType = sourcecode.swift; path = ImageViewPatterns.swift; sourceTree = "<group>"; };
		EB513929280D4B9B00E6EC59 /* StatisticsCoordinator.swift */ = {isa = PBXFileReference; lastKnownFileType = sourcecode.swift; path = StatisticsCoordinator.swift; sourceTree = "<group>"; };
		EB51392B280D4BA500E6EC59 /* ProfileCoordinator.swift */ = {isa = PBXFileReference; lastKnownFileType = sourcecode.swift; path = ProfileCoordinator.swift; sourceTree = "<group>"; };
		EB51392D280D4BAF00E6EC59 /* BalanceCoordinator.swift */ = {isa = PBXFileReference; lastKnownFileType = sourcecode.swift; path = BalanceCoordinator.swift; sourceTree = "<group>"; };
		EB51392F280DA6F500E6EC59 /* Question.swift */ = {isa = PBXFileReference; lastKnownFileType = sourcecode.swift; path = Question.swift; sourceTree = "<group>"; };
		EB9A528C284024EA00D3FF8D /* MockData.swift */ = {isa = PBXFileReference; lastKnownFileType = sourcecode.swift; path = MockData.swift; sourceTree = "<group>"; };
		EB9A528E28402D3500D3FF8D /* UIImage+Decompression.swift */ = {isa = PBXFileReference; lastKnownFileType = sourcecode.swift; path = "UIImage+Decompression.swift"; sourceTree = "<group>"; };
		EB9A5290284033B000D3FF8D /* StatisticsCollectionViewController.swift */ = {isa = PBXFileReference; lastKnownFileType = sourcecode.swift; path = StatisticsCollectionViewController.swift; sourceTree = "<group>"; };
		EB9A52922840369900D3FF8D /* StatisticMoyaConfiguration.swift */ = {isa = PBXFileReference; lastKnownFileType = sourcecode.swift; path = StatisticMoyaConfiguration.swift; sourceTree = "<group>"; };
		EB9A52942840380900D3FF8D /* StatisticsDetailViewController.swift */ = {isa = PBXFileReference; lastKnownFileType = sourcecode.swift; path = StatisticsDetailViewController.swift; sourceTree = "<group>"; };
		EB9A529728403F1500D3FF8D /* StatisticsDetailTableViewCell.swift */ = {isa = PBXFileReference; lastKnownFileType = sourcecode.swift; path = StatisticsDetailTableViewCell.swift; sourceTree = "<group>"; };
		EB9A529C28407D4E00D3FF8D /* UIView+Extension.swift */ = {isa = PBXFileReference; lastKnownFileType = sourcecode.swift; path = "UIView+Extension.swift"; sourceTree = "<group>"; };
		EBBEA0892802E35A00F190E2 /* KeychainService.swift */ = {isa = PBXFileReference; lastKnownFileType = sourcecode.swift; path = KeychainService.swift; sourceTree = "<group>"; };
		EBBEA08C2803540100F190E2 /* FeedViewController.swift */ = {isa = PBXFileReference; lastKnownFileType = sourcecode.swift; path = FeedViewController.swift; sourceTree = "<group>"; };
		EBBEA08F2803542800F190E2 /* FeedViewModel.swift */ = {isa = PBXFileReference; lastKnownFileType = sourcecode.swift; path = FeedViewModel.swift; sourceTree = "<group>"; };
		EBBEA094280356FE00F190E2 /* TabBarCoordinator.swift */ = {isa = PBXFileReference; lastKnownFileType = sourcecode.swift; path = TabBarCoordinator.swift; sourceTree = "<group>"; };
		EBBEA09628037AE500F190E2 /* ButtonPatterns.swift */ = {isa = PBXFileReference; lastKnownFileType = sourcecode.swift; path = ButtonPatterns.swift; sourceTree = "<group>"; };
		EBBEA09828037E1000F190E2 /* StackViewPatterns.swift */ = {isa = PBXFileReference; lastKnownFileType = sourcecode.swift; path = StackViewPatterns.swift; sourceTree = "<group>"; };
		EBBEA09A28037E1C00F190E2 /* TextFieldPatterns.swift */ = {isa = PBXFileReference; lastKnownFileType = sourcecode.swift; path = TextFieldPatterns.swift; sourceTree = "<group>"; };
		EBBEA09C28037E8B00F190E2 /* LabelPatterns.swift */ = {isa = PBXFileReference; lastKnownFileType = sourcecode.swift; path = LabelPatterns.swift; sourceTree = "<group>"; };
		EBBEA0A2280384B800F190E2 /* ProfileViewController.swift */ = {isa = PBXFileReference; lastKnownFileType = sourcecode.swift; path = ProfileViewController.swift; sourceTree = "<group>"; };
		EBBEA0A5280384CD00F190E2 /* BalanceViewController.swift */ = {isa = PBXFileReference; lastKnownFileType = sourcecode.swift; path = BalanceViewController.swift; sourceTree = "<group>"; };
		EBBEA0B02804114700F190E2 /* en */ = {isa = PBXFileReference; lastKnownFileType = text.plist.strings; name = en; path = en.lproj/Localizable.strings; sourceTree = "<group>"; };
		EBBEA0B528045E7E00F190E2 /* Fixture.swift */ = {isa = PBXFileReference; lastKnownFileType = sourcecode.swift; path = Fixture.swift; sourceTree = "<group>"; };
		EBBEA0B728045E8D00F190E2 /* League.swift */ = {isa = PBXFileReference; lastKnownFileType = sourcecode.swift; path = League.swift; sourceTree = "<group>"; };
		EBBEA0B928045E9900F190E2 /* Teams.swift */ = {isa = PBXFileReference; lastKnownFileType = sourcecode.swift; path = Teams.swift; sourceTree = "<group>"; };
		EBBEA0BB28045EAB00F190E2 /* Goals.swift */ = {isa = PBXFileReference; lastKnownFileType = sourcecode.swift; path = Goals.swift; sourceTree = "<group>"; };
		EBBEA0BD28045EBA00F190E2 /* Score.swift */ = {isa = PBXFileReference; lastKnownFileType = sourcecode.swift; path = Score.swift; sourceTree = "<group>"; };
		EBC0308B281FC09500E91C19 /* FeedCollectionViewCell.swift */ = {isa = PBXFileReference; lastKnownFileType = sourcecode.swift; path = FeedCollectionViewCell.swift; sourceTree = "<group>"; };
		EBC0308D281FC32B00E91C19 /* Sport.swift */ = {isa = PBXFileReference; lastKnownFileType = sourcecode.swift; path = Sport.swift; sourceTree = "<group>"; };
		EBC0308F281FD8FC00E91C19 /* FeedViewCollectionView.swift */ = {isa = PBXFileReference; lastKnownFileType = sourcecode.swift; path = FeedViewCollectionView.swift; sourceTree = "<group>"; };
		EBC030922821C16500E91C19 /* MatchMoyaConfiguration.swift */ = {isa = PBXFileReference; lastKnownFileType = sourcecode.swift; path = MatchMoyaConfiguration.swift; sourceTree = "<group>"; };
		EBE9A8D727FC417100436197 /* MaratBetProject.app */ = {isa = PBXFileReference; explicitFileType = wrapper.application; includeInIndex = 0; path = MaratBetProject.app; sourceTree = BUILT_PRODUCTS_DIR; };
		EBE9A8DA27FC417100436197 /* AppDelegate.swift */ = {isa = PBXFileReference; lastKnownFileType = sourcecode.swift; path = AppDelegate.swift; sourceTree = "<group>"; };
		EBE9A8DE27FC417100436197 /* ViewController.swift */ = {isa = PBXFileReference; lastKnownFileType = sourcecode.swift; path = ViewController.swift; sourceTree = "<group>"; };
		EBE9A8E427FC417100436197 /* MaratBetProject.xcdatamodel */ = {isa = PBXFileReference; lastKnownFileType = wrapper.xcdatamodel; path = MaratBetProject.xcdatamodel; sourceTree = "<group>"; };
		EBE9A8E627FC417200436197 /* Assets.xcassets */ = {isa = PBXFileReference; lastKnownFileType = folder.assetcatalog; path = Assets.xcassets; sourceTree = "<group>"; };
		EBE9A8E927FC417200436197 /* Base */ = {isa = PBXFileReference; lastKnownFileType = file.storyboard; name = Base; path = Base.lproj/LaunchScreen.storyboard; sourceTree = "<group>"; };
		EBE9A8EB27FC417200436197 /* Info.plist */ = {isa = PBXFileReference; lastKnownFileType = text.plist.xml; path = Info.plist; sourceTree = "<group>"; };
		EBE9A8F027FC417200436197 /* MaratBetProjectTests.xctest */ = {isa = PBXFileReference; explicitFileType = wrapper.cfbundle; includeInIndex = 0; path = MaratBetProjectTests.xctest; sourceTree = BUILT_PRODUCTS_DIR; };
		EBE9A8F427FC417200436197 /* MaratBetProjectTests.swift */ = {isa = PBXFileReference; lastKnownFileType = sourcecode.swift; path = MaratBetProjectTests.swift; sourceTree = "<group>"; };
		EBF8B9F528400702009D23BD /* StatisticsViewController.swift */ = {isa = PBXFileReference; lastKnownFileType = sourcecode.swift; path = StatisticsViewController.swift; sourceTree = "<group>"; };
		EBF8B9F7284008B6009D23BD /* StatisticsCellCollectionViewCell.swift */ = {isa = PBXFileReference; lastKnownFileType = sourcecode.swift; path = StatisticsCellCollectionViewCell.swift; sourceTree = "<group>"; };
		EBF8B9F928400A88009D23BD /* StatisticsViewModel.swift */ = {isa = PBXFileReference; lastKnownFileType = sourcecode.swift; path = StatisticsViewModel.swift; sourceTree = "<group>"; };
		EBF8B9FB28400B4F009D23BD /* StatisticsResponse.swift */ = {isa = PBXFileReference; lastKnownFileType = sourcecode.swift; path = StatisticsResponse.swift; sourceTree = "<group>"; };
		EBF8B9FD28400E19009D23BD /* StatisticsLayout.swift */ = {isa = PBXFileReference; lastKnownFileType = sourcecode.swift; path = StatisticsLayout.swift; sourceTree = "<group>"; };
		EBF8B9FF28401590009D23BD /* StatisticTeam.swift */ = {isa = PBXFileReference; lastKnownFileType = sourcecode.swift; path = StatisticTeam.swift; sourceTree = "<group>"; };
		EBFC33FE2829435A00AE381E /* FeedDetailViewController.swift */ = {isa = PBXFileReference; lastKnownFileType = sourcecode.swift; path = FeedDetailViewController.swift; sourceTree = "<group>"; };
		EBFC340028294BAA00AE381E /* BetMoyaConfiguration.swift */ = {isa = PBXFileReference; lastKnownFileType = sourcecode.swift; path = BetMoyaConfiguration.swift; sourceTree = "<group>"; };
		EBFC3402282AB05C00AE381E /* BetResponse.swift */ = {isa = PBXFileReference; lastKnownFileType = sourcecode.swift; path = BetResponse.swift; sourceTree = "<group>"; };
		EBFC3404282AB16400AE381E /* Bet.swift */ = {isa = PBXFileReference; lastKnownFileType = sourcecode.swift; path = Bet.swift; sourceTree = "<group>"; };
		EBFC3406282AD80700AE381E /* DataType.swift */ = {isa = PBXFileReference; lastKnownFileType = sourcecode.swift; path = DataType.swift; sourceTree = "<group>"; };
		EBFC3408282B01A000AE381E /* FeedDetailTableViewCell.swift */ = {isa = PBXFileReference; lastKnownFileType = sourcecode.swift; path = FeedDetailTableViewCell.swift; sourceTree = "<group>"; };
		EBFC340A282BB33D00AE381E /* UserPredictionViewController.swift */ = {isa = PBXFileReference; lastKnownFileType = sourcecode.swift; path = UserPredictionViewController.swift; sourceTree = "<group>"; };
		EBFC340C282BEB3000AE381E /* UserPrediction.swift */ = {isa = PBXFileReference; lastKnownFileType = sourcecode.swift; path = UserPrediction.swift; sourceTree = "<group>"; };
/* End PBXFileReference section */

/* Begin PBXFrameworksBuildPhase section */
		EBE9A8D427FC417100436197 /* Frameworks */ = {
			isa = PBXFrameworksBuildPhase;
			buildActionMask = 2147483647;
			files = (
				30F1160E1B41F7977BD2F4D8 /* Pods_MaratBetProject.framework in Frameworks */,
			);
			runOnlyForDeploymentPostprocessing = 0;
		};
		EBE9A8ED27FC417200436197 /* Frameworks */ = {
			isa = PBXFrameworksBuildPhase;
			buildActionMask = 2147483647;
			files = (
				4ACFC747E6B42A68F78087A2 /* Pods_MaratBetProjectTests.framework in Frameworks */,
			);
			runOnlyForDeploymentPostprocessing = 0;
		};
/* End PBXFrameworksBuildPhase section */

/* Begin PBXGroup section */
		128B5FE8D2BDE20CBE03F5C0 /* Pods */ = {
			isa = PBXGroup;
			children = (
				63DEA3B585EE16CC554F9C9E /* Pods-MaratBetProject.debug.xcconfig */,
				E4F4B14F913354B54BF3C7DD /* Pods-MaratBetProject.release.xcconfig */,
				E6F62F7AA6CE233C92D36612 /* Pods-MaratBetProject-MaratBetProjectUITests.debug.xcconfig */,
				A9A87B78304AC3F24CBD8D11 /* Pods-MaratBetProject-MaratBetProjectUITests.release.xcconfig */,
				E7B4066CCEA999CACD1E2120 /* Pods-MaratBetProjectTests.debug.xcconfig */,
				1BD79FEDC0CA4200EAF25890 /* Pods-MaratBetProjectTests.release.xcconfig */,
			);
			path = Pods;
			sourceTree = "<group>";
		};
		906A5CD17D9E029628B4810A /* Frameworks */ = {
			isa = PBXGroup;
			children = (
				B0B772647D6B02CA1E71926D /* Pods_MaratBetProject.framework */,
				7B7E00E831F4A5F2D5610608 /* Pods_MaratBetProject_MaratBetProjectUITests.framework */,
				C5C90F86F2F86B47254F0DA8 /* Pods_MaratBetProjectTests.framework */,
			);
			name = Frameworks;
			sourceTree = "<group>";
		};
		EB225CE227FCA6E8002E2769 /* Resources */ = {
			isa = PBXGroup;
			children = (
				EBBEA0912803569000F190E2 /* UIComponents */,
				EB225CE327FCA70A002E2769 /* SwiftGen */,
				EBE9A8E627FC417200436197 /* Assets.xcassets */,
				EBBEA0B12804114700F190E2 /* Localizable.strings */,
				EB3D9F662816B4A700D6D91C /* DateConfigurator.swift */,
				EBFC3406282AD80700AE381E /* DataType.swift */,
				EBF8B9FD28400E19009D23BD /* StatisticsLayout.swift */,
				EB9A528C284024EA00D3FF8D /* MockData.swift */,
			);
			path = Resources;
			sourceTree = "<group>";
		};
		EB225CE327FCA70A002E2769 /* SwiftGen */ = {
			isa = PBXGroup;
			children = (
				EB225CE727FCA839002E2769 /* Assets.swift */,
				EB225CE627FCA839002E2769 /* Strings.swift */,
			);
			path = SwiftGen;
			sourceTree = "<group>";
		};
		EB225CEB27FCA9BB002E2769 /* Coordinators */ = {
			isa = PBXGroup;
			children = (
				EB225CEF27FCAB7B002E2769 /* Coordinator.swift */,
				EB225CF127FCAB88002E2769 /* MainCoordinator.swift */,
				EB225CF327FCAB99002E2769 /* OnboardingCoordinator.swift */,
				EB225CF527FCABA7002E2769 /* SignUpCoordinator.swift */,
				EB225CF727FCABB3002E2769 /* SignInCoordinator.swift */,
				EBBEA094280356FE00F190E2 /* TabBarCoordinator.swift */,
				EB51391E280C728400E6EC59 /* FeedCoordinator.swift */,
				EB513929280D4B9B00E6EC59 /* StatisticsCoordinator.swift */,
				EB51392B280D4BA500E6EC59 /* ProfileCoordinator.swift */,
				EB51392D280D4BAF00E6EC59 /* BalanceCoordinator.swift */,
			);
			path = Coordinators;
			sourceTree = "<group>";
		};
		EB225CEC27FCA9C6002E2769 /* Modules */ = {
			isa = PBXGroup;
			children = (
				EBBEA0A02803848400F190E2 /* Statistics */,
				EBBEA09F2803847700F190E2 /* Balance */,
				EBBEA09E2803846E00F190E2 /* Profile */,
				EBBEA08B280353A400F190E2 /* Feed */,
				EB225CFA27FCABCC002E2769 /* Authentification */,
				EB225CF927FCABC3002E2769 /* Onboarding */,
			);
			path = Modules;
			sourceTree = "<group>";
		};
		EB225CED27FCA9CD002E2769 /* Services */ = {
			isa = PBXGroup;
			children = (
				EBC030912821C0FF00E91C19 /* Network */,
				EBBEA0882802E33D00F190E2 /* Keychain */,
				EB225D1B27FCAE5D002E2769 /* Authentification */,
				EB225D0D27FCAD8F002E2769 /* CoreData */,
				EB225D0E27FCADB8002E2769 /* AuthBinding.swift */,
				EB225D1027FCADC7002E2769 /* Validation.swift */,
				EB3D9F642815D91500D6D91C /* Colors.swift */,
				EB225D1227FCADE0002E2769 /* Factory.swift */,
				EB225D1C27FCAE78002E2769 /* ErrorEnums.swift */,
			);
			path = Services;
			sourceTree = "<group>";
		};
		EB225CF927FCABC3002E2769 /* Onboarding */ = {
			isa = PBXGroup;
			children = (
				EB225CFB27FCABD8002E2769 /* Views */,
			);
			path = Onboarding;
			sourceTree = "<group>";
		};
		EB225CFA27FCABCC002E2769 /* Authentification */ = {
			isa = PBXGroup;
			children = (
				EB225CFD27FCABE6002E2769 /* ViewModels */,
				EB225CFC27FCABDE002E2769 /* Views */,
			);
			path = Authentification;
			sourceTree = "<group>";
		};
		EB225CFB27FCABD8002E2769 /* Views */ = {
			isa = PBXGroup;
			children = (
				EB225CFE27FCABFF002E2769 /* OnboardingViewController.swift */,
			);
			path = Views;
			sourceTree = "<group>";
		};
		EB225CFC27FCABDE002E2769 /* Views */ = {
			isa = PBXGroup;
			children = (
				EB225D0027FCAC63002E2769 /* SignInViewController.swift */,
				EB225D0227FCAC79002E2769 /* SignUpViewController.swift */,
			);
			path = Views;
			sourceTree = "<group>";
		};
		EB225CFD27FCABE6002E2769 /* ViewModels */ = {
			isa = PBXGroup;
			children = (
				EB225D0427FCACB8002E2769 /* SignInViewModel.swift */,
				EB225D0627FCACCE002E2769 /* SignUpViewModel.swift */,
			);
			path = ViewModels;
			sourceTree = "<group>";
		};
		EB225D0827FCACF3002E2769 /* Models */ = {
			isa = PBXGroup;
			children = (
				EB225D0927FCACFB002E2769 /* User.swift */,
				EB225D0B27FCAD76002E2769 /* Matches.swift */,
				EBBEA0B528045E7E00F190E2 /* Fixture.swift */,
				EBBEA0B728045E8D00F190E2 /* League.swift */,
				EBBEA0B928045E9900F190E2 /* Teams.swift */,
				EBBEA0BB28045EAB00F190E2 /* Goals.swift */,
				EBBEA0BD28045EBA00F190E2 /* Score.swift */,
				EB51391C280C67EE00E6EC59 /* FootballMatch.swift */,
				EB513920280CB89800E6EC59 /* MyFootballResponse.swift */,
				EB51392F280DA6F500E6EC59 /* Question.swift */,
				EBC0308D281FC32B00E91C19 /* Sport.swift */,
				EB0F5D822825AD7C00FAEC7A /* MyHockeyResponse.swift */,
				EB0F5D842825AE3900FAEC7A /* HockeyMatch.swift */,
				EB0F5D862825B0E000FAEC7A /* HockeyTeams.swift */,
				EB0F5D882825B1A200FAEC7A /* Country.swift */,
				EB0F5D8A2825B1F500FAEC7A /* MyBasketBallResponse.swift */,
				EB0F5D8C2825B23400FAEC7A /* BasketBallMatch.swift */,
				EBFC3402282AB05C00AE381E /* BetResponse.swift */,
				EBFC3404282AB16400AE381E /* Bet.swift */,
				EBFC340C282BEB3000AE381E /* UserPrediction.swift */,
				EBF8B9FB28400B4F009D23BD /* StatisticsResponse.swift */,
				EBF8B9FF28401590009D23BD /* StatisticTeam.swift */,
			);
			path = Models;
			sourceTree = "<group>";
		};
		EB225D0D27FCAD8F002E2769 /* CoreData */ = {
			isa = PBXGroup;
			children = (
				EBE9A8E327FC417100436197 /* MaratBetProject.xcdatamodeld */,
			);
			path = CoreData;
			sourceTree = "<group>";
		};
		EB225D1B27FCAE5D002E2769 /* Authentification */ = {
			isa = PBXGroup;
			children = (
				EB225D1727FCAE20002E2769 /* SignInService.swift */,
				EB225D1927FCAE29002E2769 /* SignUpService.swift */,
			);
			path = Authentification;
			sourceTree = "<group>";
		};
		EB513922280D329200E6EC59 /* cell */ = {
			isa = PBXGroup;
			children = (
				EB513925280D365300E6EC59 /* FeedViewTableViewCell.swift */,
				EBC0308B281FC09500E91C19 /* FeedCollectionViewCell.swift */,
				EBFC3408282B01A000AE381E /* FeedDetailTableViewCell.swift */,
				EB152B86283909B3008E3FA1 /* EventCollectionViewCell.swift */,
				EB2DAD23283D6A4600CC4396 /* UserPredictionTableViewCell.swift */,
			);
			path = cell;
			sourceTree = "<group>";
		};
		EB9A529628403EFB00D3FF8D /* cells */ = {
			isa = PBXGroup;
			children = (
				EBF8B9F7284008B6009D23BD /* StatisticsCellCollectionViewCell.swift */,
				EB9A529728403F1500D3FF8D /* StatisticsDetailTableViewCell.swift */,
			);
			path = cells;
			sourceTree = "<group>";
		};
		EBBEA0882802E33D00F190E2 /* Keychain */ = {
			isa = PBXGroup;
			children = (
				EBBEA0892802E35A00F190E2 /* KeychainService.swift */,
			);
			path = Keychain;
			sourceTree = "<group>";
		};
		EBBEA08B280353A400F190E2 /* Feed */ = {
			isa = PBXGroup;
			children = (
				EBBEA08F2803542800F190E2 /* FeedViewModel.swift */,
				EBBEA08E2803540C00F190E2 /* View */,
			);
			path = Feed;
			sourceTree = "<group>";
		};
		EBBEA08E2803540C00F190E2 /* View */ = {
			isa = PBXGroup;
			children = (
				EB513922280D329200E6EC59 /* cell */,
				EBBEA08C2803540100F190E2 /* FeedViewController.swift */,
				EBC0308F281FD8FC00E91C19 /* FeedViewCollectionView.swift */,
				EBFC33FE2829435A00AE381E /* FeedDetailViewController.swift */,
				EBFC340A282BB33D00AE381E /* UserPredictionViewController.swift */,
			);
			path = View;
			sourceTree = "<group>";
		};
		EBBEA0912803569000F190E2 /* UIComponents */ = {
			isa = PBXGroup;
			children = (
				EBBEA09628037AE500F190E2 /* ButtonPatterns.swift */,
				EBBEA09828037E1000F190E2 /* StackViewPatterns.swift */,
				EBBEA09A28037E1C00F190E2 /* TextFieldPatterns.swift */,
				EBBEA09C28037E8B00F190E2 /* LabelPatterns.swift */,
				EB513927280D38D900E6EC59 /* ImageViewPatterns.swift */,
				EB9A528E28402D3500D3FF8D /* UIImage+Decompression.swift */,
				EB9A529C28407D4E00D3FF8D /* UIView+Extension.swift */,
			);
			path = UIComponents;
			sourceTree = "<group>";
		};
		EBBEA09E2803846E00F190E2 /* Profile */ = {
			isa = PBXGroup;
			children = (
				EBBEA0A1280384A100F190E2 /* View */,
				EB2DAD25283D72E000CC4396 /* ProfileViewModel.swift */,
			);
			path = Profile;
			sourceTree = "<group>";
		};
		EBBEA09F2803847700F190E2 /* Balance */ = {
			isa = PBXGroup;
			children = (
				EB3D9F682816C5BC00D6D91C /* BalanceViewModel.swift */,
				EBBEA0A4280384C100F190E2 /* Views */,
			);
			path = Balance;
			sourceTree = "<group>";
		};
		EBBEA0A02803848400F190E2 /* Statistics */ = {
			isa = PBXGroup;
			children = (
				EBBEA0A7280384D000F190E2 /* Views */,
				EBF8B9F928400A88009D23BD /* StatisticsViewModel.swift */,
			);
			path = Statistics;
			sourceTree = "<group>";
		};
		EBBEA0A1280384A100F190E2 /* View */ = {
			isa = PBXGroup;
			children = (
				EBBEA0A2280384B800F190E2 /* ProfileViewController.swift */,
			);
			path = View;
			sourceTree = "<group>";
		};
		EBBEA0A4280384C100F190E2 /* Views */ = {
			isa = PBXGroup;
			children = (
				EBBEA0A5280384CD00F190E2 /* BalanceViewController.swift */,
			);
			path = Views;
			sourceTree = "<group>";
		};
		EBBEA0A7280384D000F190E2 /* Views */ = {
			isa = PBXGroup;
			children = (
				EB9A529628403EFB00D3FF8D /* cells */,
				EBF8B9F528400702009D23BD /* StatisticsViewController.swift */,
				EB9A5290284033B000D3FF8D /* StatisticsCollectionViewController.swift */,
				EB9A52942840380900D3FF8D /* StatisticsDetailViewController.swift */,
			);
			path = Views;
			sourceTree = "<group>";
		};
		EBC030912821C0FF00E91C19 /* Network */ = {
			isa = PBXGroup;
			children = (
				EB225D1527FCAE06002E2769 /* AuthMoyaConfiguration.swift */,
				EBC030922821C16500E91C19 /* MatchMoyaConfiguration.swift */,
				EBFC340028294BAA00AE381E /* BetMoyaConfiguration.swift */,
				EB9A52922840369900D3FF8D /* StatisticMoyaConfiguration.swift */,
			);
			path = Network;
			sourceTree = "<group>";
		};
		EBE9A8CE27FC417100436197 = {
			isa = PBXGroup;
			children = (
				EB225CE027FCA6BD002E2769 /* swiftgen.yml */,
				EBE9A8D927FC417100436197 /* MaratBetProject */,
				EBE9A8F327FC417200436197 /* MaratBetProjectTests */,
				EBE9A8FD27FC417200436197 /* MaratBetProjectUITests */,
				EBE9A8D827FC417100436197 /* Products */,
				128B5FE8D2BDE20CBE03F5C0 /* Pods */,
				906A5CD17D9E029628B4810A /* Frameworks */,
			);
			sourceTree = "<group>";
		};
		EBE9A8D827FC417100436197 /* Products */ = {
			isa = PBXGroup;
			children = (
				EBE9A8D727FC417100436197 /* MaratBetProject.app */,
				EBE9A8F027FC417200436197 /* MaratBetProjectTests.xctest */,
			);
			name = Products;
			sourceTree = "<group>";
		};
		EBE9A8D927FC417100436197 /* MaratBetProject */ = {
			isa = PBXGroup;
			children = (
				EB225D0827FCACF3002E2769 /* Models */,
				EB225CEB27FCA9BB002E2769 /* Coordinators */,
				EB225CEC27FCA9C6002E2769 /* Modules */,
				EB225CED27FCA9CD002E2769 /* Services */,
				EB225CE227FCA6E8002E2769 /* Resources */,
				EBE9A8DA27FC417100436197 /* AppDelegate.swift */,
				EBE9A8DE27FC417100436197 /* ViewController.swift */,
				EBE9A8E827FC417200436197 /* LaunchScreen.storyboard */,
				EBE9A8EB27FC417200436197 /* Info.plist */,
			);
			path = MaratBetProject;
			sourceTree = "<group>";
		};
		EBE9A8F327FC417200436197 /* MaratBetProjectTests */ = {
			isa = PBXGroup;
			children = (
				EBE9A8F427FC417200436197 /* MaratBetProjectTests.swift */,
				EB263B452800AD0C00E3F3B4 /* MaratBetIntegrationalTests.swift */,
			);
			path = MaratBetProjectTests;
			sourceTree = "<group>";
		};
		EBE9A8FD27FC417200436197 /* MaratBetProjectUITests */ = {
			isa = PBXGroup;
			children = (
			);
			path = MaratBetProjectUITests;
			sourceTree = "<group>";
		};
/* End PBXGroup section */

/* Begin PBXNativeTarget section */
		EBE9A8D627FC417100436197 /* MaratBetProject */ = {
			isa = PBXNativeTarget;
			buildConfigurationList = EBE9A90427FC417200436197 /* Build configuration list for PBXNativeTarget "MaratBetProject" */;
			buildPhases = (
				75BE30DC957F9DDDF34BA6C7 /* [CP] Check Pods Manifest.lock */,
				EB225CDE27FCA56F002E2769 /* SwiftGen */,
				EB225CDF27FCA595002E2769 /* SwiftLint */,
				EBE9A8D327FC417100436197 /* Sources */,
				EBE9A8D427FC417100436197 /* Frameworks */,
				EBE9A8D527FC417100436197 /* Resources */,
				C28F254C413610AFF7D0151C /* [CP] Embed Pods Frameworks */,
			);
			buildRules = (
			);
			dependencies = (
			);
			name = MaratBetProject;
			productName = MaratBetProject;
			productReference = EBE9A8D727FC417100436197 /* MaratBetProject.app */;
			productType = "com.apple.product-type.application";
		};
		EBE9A8EF27FC417200436197 /* MaratBetProjectTests */ = {
			isa = PBXNativeTarget;
			buildConfigurationList = EBE9A90727FC417200436197 /* Build configuration list for PBXNativeTarget "MaratBetProjectTests" */;
			buildPhases = (
				44F3D8545236532A68D3269A /* [CP] Check Pods Manifest.lock */,
				EBE9A8EC27FC417200436197 /* Sources */,
				EBE9A8ED27FC417200436197 /* Frameworks */,
				EBE9A8EE27FC417200436197 /* Resources */,
			);
			buildRules = (
			);
			dependencies = (
				EBE9A8F227FC417200436197 /* PBXTargetDependency */,
			);
			name = MaratBetProjectTests;
			productName = MaratBetProjectTests;
			productReference = EBE9A8F027FC417200436197 /* MaratBetProjectTests.xctest */;
			productType = "com.apple.product-type.bundle.unit-test";
		};
/* End PBXNativeTarget section */

/* Begin PBXProject section */
		EBE9A8CF27FC417100436197 /* Project object */ = {
			isa = PBXProject;
			attributes = {
				BuildIndependentTargetsInParallel = 1;
				LastSwiftUpdateCheck = 1310;
				LastUpgradeCheck = 1310;
				TargetAttributes = {
					EBE9A8D627FC417100436197 = {
						CreatedOnToolsVersion = 13.1;
					};
					EBE9A8EF27FC417200436197 = {
						CreatedOnToolsVersion = 13.1;
						TestTargetID = EBE9A8D627FC417100436197;
					};
				};
			};
			buildConfigurationList = EBE9A8D227FC417100436197 /* Build configuration list for PBXProject "MaratBetProject" */;
			compatibilityVersion = "Xcode 13.0";
			developmentRegion = en;
			hasScannedForEncodings = 0;
			knownRegions = (
				en,
				Base,
			);
			mainGroup = EBE9A8CE27FC417100436197;
			productRefGroup = EBE9A8D827FC417100436197 /* Products */;
			projectDirPath = "";
			projectRoot = "";
			targets = (
				EBE9A8D627FC417100436197 /* MaratBetProject */,
				EBE9A8EF27FC417200436197 /* MaratBetProjectTests */,
			);
		};
/* End PBXProject section */

/* Begin PBXResourcesBuildPhase section */
		EBE9A8D527FC417100436197 /* Resources */ = {
			isa = PBXResourcesBuildPhase;
			buildActionMask = 2147483647;
			files = (
				EBE9A8EA27FC417200436197 /* LaunchScreen.storyboard in Resources */,
				EBBEA0AF2804114700F190E2 /* Localizable.strings in Resources */,
				EBE9A8E727FC417200436197 /* Assets.xcassets in Resources */,
				EB225CE127FCA6BD002E2769 /* swiftgen.yml in Resources */,
			);
			runOnlyForDeploymentPostprocessing = 0;
		};
		EBE9A8EE27FC417200436197 /* Resources */ = {
			isa = PBXResourcesBuildPhase;
			buildActionMask = 2147483647;
			files = (
			);
			runOnlyForDeploymentPostprocessing = 0;
		};
/* End PBXResourcesBuildPhase section */

/* Begin PBXShellScriptBuildPhase section */
		44F3D8545236532A68D3269A /* [CP] Check Pods Manifest.lock */ = {
			isa = PBXShellScriptBuildPhase;
			buildActionMask = 2147483647;
			files = (
			);
			inputFileListPaths = (
			);
			inputPaths = (
				"${PODS_PODFILE_DIR_PATH}/Podfile.lock",
				"${PODS_ROOT}/Manifest.lock",
			);
			name = "[CP] Check Pods Manifest.lock";
			outputFileListPaths = (
			);
			outputPaths = (
				"$(DERIVED_FILE_DIR)/Pods-MaratBetProjectTests-checkManifestLockResult.txt",
			);
			runOnlyForDeploymentPostprocessing = 0;
			shellPath = /bin/sh;
			shellScript = "diff \"${PODS_PODFILE_DIR_PATH}/Podfile.lock\" \"${PODS_ROOT}/Manifest.lock\" > /dev/null\nif [ $? != 0 ] ; then\n    # print error to STDERR\n    echo \"error: The sandbox is not in sync with the Podfile.lock. Run 'pod install' or update your CocoaPods installation.\" >&2\n    exit 1\nfi\n# This output is used by Xcode 'outputs' to avoid re-running this script phase.\necho \"SUCCESS\" > \"${SCRIPT_OUTPUT_FILE_0}\"\n";
			showEnvVarsInLog = 0;
		};
		75BE30DC957F9DDDF34BA6C7 /* [CP] Check Pods Manifest.lock */ = {
			isa = PBXShellScriptBuildPhase;
			buildActionMask = 2147483647;
			files = (
			);
			inputFileListPaths = (
			);
			inputPaths = (
				"${PODS_PODFILE_DIR_PATH}/Podfile.lock",
				"${PODS_ROOT}/Manifest.lock",
			);
			name = "[CP] Check Pods Manifest.lock";
			outputFileListPaths = (
			);
			outputPaths = (
				"$(DERIVED_FILE_DIR)/Pods-MaratBetProject-checkManifestLockResult.txt",
			);
			runOnlyForDeploymentPostprocessing = 0;
			shellPath = /bin/sh;
			shellScript = "diff \"${PODS_PODFILE_DIR_PATH}/Podfile.lock\" \"${PODS_ROOT}/Manifest.lock\" > /dev/null\nif [ $? != 0 ] ; then\n    # print error to STDERR\n    echo \"error: The sandbox is not in sync with the Podfile.lock. Run 'pod install' or update your CocoaPods installation.\" >&2\n    exit 1\nfi\n# This output is used by Xcode 'outputs' to avoid re-running this script phase.\necho \"SUCCESS\" > \"${SCRIPT_OUTPUT_FILE_0}\"\n";
			showEnvVarsInLog = 0;
		};
		C28F254C413610AFF7D0151C /* [CP] Embed Pods Frameworks */ = {
			isa = PBXShellScriptBuildPhase;
			buildActionMask = 2147483647;
			files = (
			);
			inputFileListPaths = (
				"${PODS_ROOT}/Target Support Files/Pods-MaratBetProject/Pods-MaratBetProject-frameworks-${CONFIGURATION}-input-files.xcfilelist",
			);
			name = "[CP] Embed Pods Frameworks";
			outputFileListPaths = (
				"${PODS_ROOT}/Target Support Files/Pods-MaratBetProject/Pods-MaratBetProject-frameworks-${CONFIGURATION}-output-files.xcfilelist",
			);
			runOnlyForDeploymentPostprocessing = 0;
			shellPath = /bin/sh;
			shellScript = "\"${PODS_ROOT}/Target Support Files/Pods-MaratBetProject/Pods-MaratBetProject-frameworks.sh\"\n";
			showEnvVarsInLog = 0;
		};
		EB225CDE27FCA56F002E2769 /* SwiftGen */ = {
			isa = PBXShellScriptBuildPhase;
			buildActionMask = 2147483647;
			files = (
			);
			inputFileListPaths = (
			);
			inputPaths = (
			);
			name = SwiftGen;
			outputFileListPaths = (
			);
			outputPaths = (
			);
			runOnlyForDeploymentPostprocessing = 0;
			shellPath = /bin/sh;
			shellScript = "if [[ -f \"${PODS_ROOT}/SwiftGen/bin/swiftgen\" ]]; then\n  \"${PODS_ROOT}/SwiftGen/bin/swiftgen\"\nelse\n  echo \"warning: SwiftGen is not installed. Run 'pod install --repo-update' to install it.\"\nfi \n\n";
		};
		EB225CDF27FCA595002E2769 /* SwiftLint */ = {
			isa = PBXShellScriptBuildPhase;
			buildActionMask = 2147483647;
			files = (
			);
			inputFileListPaths = (
			);
			inputPaths = (
			);
			name = SwiftLint;
			outputFileListPaths = (
			);
			outputPaths = (
			);
			runOnlyForDeploymentPostprocessing = 0;
			shellPath = /bin/sh;
			shellScript = "\"${PODS_ROOT}/SwiftLint/swiftlint\"\n\n";
		};
/* End PBXShellScriptBuildPhase section */

/* Begin PBXSourcesBuildPhase section */
		EBE9A8D327FC417100436197 /* Sources */ = {
			isa = PBXSourcesBuildPhase;
			buildActionMask = 2147483647;
			files = (
				EBE9A8DF27FC417100436197 /* ViewController.swift in Sources */,
				EB225CF227FCAB88002E2769 /* MainCoordinator.swift in Sources */,
				EBE9A8DB27FC417100436197 /* AppDelegate.swift in Sources */,
				EBFC3407282AD80800AE381E /* DataType.swift in Sources */,
				EB0F5D8B2825B1F500FAEC7A /* MyBasketBallResponse.swift in Sources */,
				EB9A529828403F1500D3FF8D /* StatisticsDetailTableViewCell.swift in Sources */,
				EBBEA08A2802E35A00F190E2 /* KeychainService.swift in Sources */,
				EB9A52932840369900D3FF8D /* StatisticMoyaConfiguration.swift in Sources */,
				EB225CF027FCAB7B002E2769 /* Coordinator.swift in Sources */,
				EB0F5D872825B0E000FAEC7A /* HockeyTeams.swift in Sources */,
				EB51391D280C67EE00E6EC59 /* FootballMatch.swift in Sources */,
				EBBEA0B628045E7E00F190E2 /* Fixture.swift in Sources */,
				EBF8B9F8284008B6009D23BD /* StatisticsCellCollectionViewCell.swift in Sources */,
				EB225D1327FCADE0002E2769 /* Factory.swift in Sources */,
				EB51392A280D4B9B00E6EC59 /* StatisticsCoordinator.swift in Sources */,
				EB225D0A27FCACFB002E2769 /* User.swift in Sources */,
				EB225CF827FCABB3002E2769 /* SignInCoordinator.swift in Sources */,
				EBBEA095280356FE00F190E2 /* TabBarCoordinator.swift in Sources */,
				EB225CE927FCA839002E2769 /* Assets.swift in Sources */,
				EB225D1627FCAE06002E2769 /* AuthMoyaConfiguration.swift in Sources */,
				EB225CF427FCAB99002E2769 /* OnboardingCoordinator.swift in Sources */,
				EBBEA0A6280384CD00F190E2 /* BalanceViewController.swift in Sources */,
				EBFC340D282BEB3000AE381E /* UserPrediction.swift in Sources */,
				EB0F5D892825B1A200FAEC7A /* Country.swift in Sources */,
				EBBEA09B28037E1C00F190E2 /* TextFieldPatterns.swift in Sources */,
				EB225D0727FCACCE002E2769 /* SignUpViewModel.swift in Sources */,
				EBBEA0BA28045E9900F190E2 /* Teams.swift in Sources */,
				EBC030932821C16500E91C19 /* MatchMoyaConfiguration.swift in Sources */,
				EB0F5D8D2825B23400FAEC7A /* BasketBallMatch.swift in Sources */,
				EB9A529D28407D4E00D3FF8D /* UIView+Extension.swift in Sources */,
				EBC03090281FD8FC00E91C19 /* FeedViewCollectionView.swift in Sources */,
				EB225D1827FCAE20002E2769 /* SignInService.swift in Sources */,
				EBBEA09928037E1000F190E2 /* StackViewPatterns.swift in Sources */,
				EB225CE827FCA839002E2769 /* Strings.swift in Sources */,
				EB513926280D365300E6EC59 /* FeedViewTableViewCell.swift in Sources */,
				EB9A5291284033B000D3FF8D /* StatisticsCollectionViewController.swift in Sources */,
				EBBEA0B828045E8D00F190E2 /* League.swift in Sources */,
				EBF8B9FC28400B4F009D23BD /* StatisticsResponse.swift in Sources */,
				EB225D0527FCACB8002E2769 /* SignInViewModel.swift in Sources */,
				EB225D1A27FCAE29002E2769 /* SignUpService.swift in Sources */,
				EBF8BA0028401590009D23BD /* StatisticTeam.swift in Sources */,
				EBBEA09D28037E8B00F190E2 /* LabelPatterns.swift in Sources */,
				EB51392E280D4BAF00E6EC59 /* BalanceCoordinator.swift in Sources */,
				EB225D0127FCAC63002E2769 /* SignInViewController.swift in Sources */,
				EBFC3403282AB05C00AE381E /* BetResponse.swift in Sources */,
				EB2DAD26283D72E000CC4396 /* ProfileViewModel.swift in Sources */,
				EBBEA0902803542800F190E2 /* FeedViewModel.swift in Sources */,
				EBBEA0BE28045EBA00F190E2 /* Score.swift in Sources */,
				EBC0308C281FC09500E91C19 /* FeedCollectionViewCell.swift in Sources */,
				EB3D9F652815D91500D6D91C /* Colors.swift in Sources */,
				EBBEA09728037AE500F190E2 /* ButtonPatterns.swift in Sources */,
				EB9A528D284024EA00D3FF8D /* MockData.swift in Sources */,
				EB3D9F672816B4A700D6D91C /* DateConfigurator.swift in Sources */,
				EBBEA0A3280384B900F190E2 /* ProfileViewController.swift in Sources */,
				EBFC3405282AB16400AE381E /* Bet.swift in Sources */,
				EB3D9F692816C5BC00D6D91C /* BalanceViewModel.swift in Sources */,
				EBE9A8E527FC417100436197 /* MaratBetProject.xcdatamodeld in Sources */,
				EB225D1127FCADC7002E2769 /* Validation.swift in Sources */,
				EBF8B9F628400702009D23BD /* StatisticsViewController.swift in Sources */,
				EB0F5D852825AE3900FAEC7A /* HockeyMatch.swift in Sources */,
				EB225CFF27FCABFF002E2769 /* OnboardingViewController.swift in Sources */,
				EB9A52952840380900D3FF8D /* StatisticsDetailViewController.swift in Sources */,
				EB225D0327FCAC79002E2769 /* SignUpViewController.swift in Sources */,
				EB513921280CB89800E6EC59 /* MyFootballResponse.swift in Sources */,
				EBBEA0BC28045EAB00F190E2 /* Goals.swift in Sources */,
				EB0F5D832825AD7C00FAEC7A /* MyHockeyResponse.swift in Sources */,
				EBC0308E281FC32B00E91C19 /* Sport.swift in Sources */,
				EB51392C280D4BA500E6EC59 /* ProfileCoordinator.swift in Sources */,
				EB225D0C27FCAD76002E2769 /* Matches.swift in Sources */,
				EBFC3409282B01A000AE381E /* FeedDetailTableViewCell.swift in Sources */,
				EB225D1D27FCAE78002E2769 /* ErrorEnums.swift in Sources */,
				EB51391F280C728400E6EC59 /* FeedCoordinator.swift in Sources */,
				EB225CF627FCABA7002E2769 /* SignUpCoordinator.swift in Sources */,
				EB513928280D38D900E6EC59 /* ImageViewPatterns.swift in Sources */,
				EBF8B9FA28400A88009D23BD /* StatisticsViewModel.swift in Sources */,
				EBBEA08D2803540100F190E2 /* FeedViewController.swift in Sources */,
				EB2DAD24283D6A4600CC4396 /* UserPredictionTableViewCell.swift in Sources */,
				EBFC340B282BB33D00AE381E /* UserPredictionViewController.swift in Sources */,
				EB513930280DA6F500E6EC59 /* Question.swift in Sources */,
				EBFC33FF2829435A00AE381E /* FeedDetailViewController.swift in Sources */,
				EB9A528F28402D3500D3FF8D /* UIImage+Decompression.swift in Sources */,
				EBF8B9FE28400E19009D23BD /* StatisticsLayout.swift in Sources */,
				EB152B87283909B3008E3FA1 /* EventCollectionViewCell.swift in Sources */,
				EBFC340128294BAA00AE381E /* BetMoyaConfiguration.swift in Sources */,
				EB225D0F27FCADB8002E2769 /* AuthBinding.swift in Sources */,
			);
			runOnlyForDeploymentPostprocessing = 0;
		};
		EBE9A8EC27FC417200436197 /* Sources */ = {
			isa = PBXSourcesBuildPhase;
			buildActionMask = 2147483647;
			files = (
				EB263B462800AD0C00E3F3B4 /* MaratBetIntegrationalTests.swift in Sources */,
				EBE9A8F527FC417200436197 /* MaratBetProjectTests.swift in Sources */,
			);
			runOnlyForDeploymentPostprocessing = 0;
		};
/* End PBXSourcesBuildPhase section */

/* Begin PBXTargetDependency section */
		EBE9A8F227FC417200436197 /* PBXTargetDependency */ = {
			isa = PBXTargetDependency;
			target = EBE9A8D627FC417100436197 /* MaratBetProject */;
			targetProxy = EBE9A8F127FC417200436197 /* PBXContainerItemProxy */;
		};
/* End PBXTargetDependency section */

/* Begin PBXVariantGroup section */
		EBBEA0B12804114700F190E2 /* Localizable.strings */ = {
			isa = PBXVariantGroup;
			children = (
				EBBEA0B02804114700F190E2 /* en */,
			);
			name = Localizable.strings;
			sourceTree = "<group>";
		};
		EBE9A8E827FC417200436197 /* LaunchScreen.storyboard */ = {
			isa = PBXVariantGroup;
			children = (
				EBE9A8E927FC417200436197 /* Base */,
			);
			name = LaunchScreen.storyboard;
			sourceTree = "<group>";
		};
/* End PBXVariantGroup section */

/* Begin XCBuildConfiguration section */
		EBE9A90227FC417200436197 /* Debug */ = {
			isa = XCBuildConfiguration;
			buildSettings = {
				ALWAYS_SEARCH_USER_PATHS = NO;
				CLANG_ANALYZER_NONNULL = YES;
				CLANG_ANALYZER_NUMBER_OBJECT_CONVERSION = YES_AGGRESSIVE;
				CLANG_CXX_LANGUAGE_STANDARD = "gnu++17";
				CLANG_CXX_LIBRARY = "libc++";
				CLANG_ENABLE_MODULES = YES;
				CLANG_ENABLE_OBJC_ARC = YES;
				CLANG_ENABLE_OBJC_WEAK = YES;
				CLANG_WARN_BLOCK_CAPTURE_AUTORELEASING = YES;
				CLANG_WARN_BOOL_CONVERSION = YES;
				CLANG_WARN_COMMA = YES;
				CLANG_WARN_CONSTANT_CONVERSION = YES;
				CLANG_WARN_DEPRECATED_OBJC_IMPLEMENTATIONS = YES;
				CLANG_WARN_DIRECT_OBJC_ISA_USAGE = YES_ERROR;
				CLANG_WARN_DOCUMENTATION_COMMENTS = YES;
				CLANG_WARN_EMPTY_BODY = YES;
				CLANG_WARN_ENUM_CONVERSION = YES;
				CLANG_WARN_INFINITE_RECURSION = YES;
				CLANG_WARN_INT_CONVERSION = YES;
				CLANG_WARN_NON_LITERAL_NULL_CONVERSION = YES;
				CLANG_WARN_OBJC_IMPLICIT_RETAIN_SELF = YES;
				CLANG_WARN_OBJC_LITERAL_CONVERSION = YES;
				CLANG_WARN_OBJC_ROOT_CLASS = YES_ERROR;
				CLANG_WARN_QUOTED_INCLUDE_IN_FRAMEWORK_HEADER = YES;
				CLANG_WARN_RANGE_LOOP_ANALYSIS = YES;
				CLANG_WARN_STRICT_PROTOTYPES = YES;
				CLANG_WARN_SUSPICIOUS_MOVE = YES;
				CLANG_WARN_UNGUARDED_AVAILABILITY = YES_AGGRESSIVE;
				CLANG_WARN_UNREACHABLE_CODE = YES;
				CLANG_WARN__DUPLICATE_METHOD_MATCH = YES;
				COPY_PHASE_STRIP = NO;
				DEBUG_INFORMATION_FORMAT = dwarf;
				ENABLE_STRICT_OBJC_MSGSEND = YES;
				ENABLE_TESTABILITY = YES;
				GCC_C_LANGUAGE_STANDARD = gnu11;
				GCC_DYNAMIC_NO_PIC = NO;
				GCC_NO_COMMON_BLOCKS = YES;
				GCC_OPTIMIZATION_LEVEL = 0;
				GCC_PREPROCESSOR_DEFINITIONS = (
					"DEBUG=1",
					"$(inherited)",
				);
				GCC_WARN_64_TO_32_BIT_CONVERSION = YES;
				GCC_WARN_ABOUT_RETURN_TYPE = YES_ERROR;
				GCC_WARN_UNDECLARED_SELECTOR = YES;
				GCC_WARN_UNINITIALIZED_AUTOS = YES_AGGRESSIVE;
				GCC_WARN_UNUSED_FUNCTION = YES;
				GCC_WARN_UNUSED_VARIABLE = YES;
				IPHONEOS_DEPLOYMENT_TARGET = 15.0;
				MTL_ENABLE_DEBUG_INFO = INCLUDE_SOURCE;
				MTL_FAST_MATH = YES;
				ONLY_ACTIVE_ARCH = YES;
				SDKROOT = iphoneos;
				SWIFT_ACTIVE_COMPILATION_CONDITIONS = DEBUG;
				SWIFT_OPTIMIZATION_LEVEL = "-Onone";
			};
			name = Debug;
		};
		EBE9A90327FC417200436197 /* Release */ = {
			isa = XCBuildConfiguration;
			buildSettings = {
				ALWAYS_SEARCH_USER_PATHS = NO;
				CLANG_ANALYZER_NONNULL = YES;
				CLANG_ANALYZER_NUMBER_OBJECT_CONVERSION = YES_AGGRESSIVE;
				CLANG_CXX_LANGUAGE_STANDARD = "gnu++17";
				CLANG_CXX_LIBRARY = "libc++";
				CLANG_ENABLE_MODULES = YES;
				CLANG_ENABLE_OBJC_ARC = YES;
				CLANG_ENABLE_OBJC_WEAK = YES;
				CLANG_WARN_BLOCK_CAPTURE_AUTORELEASING = YES;
				CLANG_WARN_BOOL_CONVERSION = YES;
				CLANG_WARN_COMMA = YES;
				CLANG_WARN_CONSTANT_CONVERSION = YES;
				CLANG_WARN_DEPRECATED_OBJC_IMPLEMENTATIONS = YES;
				CLANG_WARN_DIRECT_OBJC_ISA_USAGE = YES_ERROR;
				CLANG_WARN_DOCUMENTATION_COMMENTS = YES;
				CLANG_WARN_EMPTY_BODY = YES;
				CLANG_WARN_ENUM_CONVERSION = YES;
				CLANG_WARN_INFINITE_RECURSION = YES;
				CLANG_WARN_INT_CONVERSION = YES;
				CLANG_WARN_NON_LITERAL_NULL_CONVERSION = YES;
				CLANG_WARN_OBJC_IMPLICIT_RETAIN_SELF = YES;
				CLANG_WARN_OBJC_LITERAL_CONVERSION = YES;
				CLANG_WARN_OBJC_ROOT_CLASS = YES_ERROR;
				CLANG_WARN_QUOTED_INCLUDE_IN_FRAMEWORK_HEADER = YES;
				CLANG_WARN_RANGE_LOOP_ANALYSIS = YES;
				CLANG_WARN_STRICT_PROTOTYPES = YES;
				CLANG_WARN_SUSPICIOUS_MOVE = YES;
				CLANG_WARN_UNGUARDED_AVAILABILITY = YES_AGGRESSIVE;
				CLANG_WARN_UNREACHABLE_CODE = YES;
				CLANG_WARN__DUPLICATE_METHOD_MATCH = YES;
				COPY_PHASE_STRIP = NO;
				DEBUG_INFORMATION_FORMAT = "dwarf-with-dsym";
				ENABLE_NS_ASSERTIONS = NO;
				ENABLE_STRICT_OBJC_MSGSEND = YES;
				GCC_C_LANGUAGE_STANDARD = gnu11;
				GCC_NO_COMMON_BLOCKS = YES;
				GCC_WARN_64_TO_32_BIT_CONVERSION = YES;
				GCC_WARN_ABOUT_RETURN_TYPE = YES_ERROR;
				GCC_WARN_UNDECLARED_SELECTOR = YES;
				GCC_WARN_UNINITIALIZED_AUTOS = YES_AGGRESSIVE;
				GCC_WARN_UNUSED_FUNCTION = YES;
				GCC_WARN_UNUSED_VARIABLE = YES;
				IPHONEOS_DEPLOYMENT_TARGET = 15.0;
				MTL_ENABLE_DEBUG_INFO = NO;
				MTL_FAST_MATH = YES;
				SDKROOT = iphoneos;
				SWIFT_COMPILATION_MODE = wholemodule;
				SWIFT_OPTIMIZATION_LEVEL = "-O";
				VALIDATE_PRODUCT = YES;
			};
			name = Release;
		};
		EBE9A90527FC417200436197 /* Debug */ = {
			isa = XCBuildConfiguration;
			baseConfigurationReference = 63DEA3B585EE16CC554F9C9E /* Pods-MaratBetProject.debug.xcconfig */;
			buildSettings = {
				ASSETCATALOG_COMPILER_APPICON_NAME = AppIcon;
				ASSETCATALOG_COMPILER_GLOBAL_ACCENT_COLOR_NAME = AccentColor;
				CODE_SIGN_STYLE = Automatic;
				CURRENT_PROJECT_VERSION = 1;
				DEVELOPMENT_TEAM = 7NHN3ZNUVJ;
				GENERATE_INFOPLIST_FILE = YES;
				INFOPLIST_FILE = MaratBetProject/Info.plist;
				INFOPLIST_KEY_UIApplicationSupportsIndirectInputEvents = YES;
				INFOPLIST_KEY_UILaunchStoryboardName = LaunchScreen;
				INFOPLIST_KEY_UISupportedInterfaceOrientations_iPad = "UIInterfaceOrientationPortrait UIInterfaceOrientationPortraitUpsideDown UIInterfaceOrientationLandscapeLeft UIInterfaceOrientationLandscapeRight";
				INFOPLIST_KEY_UISupportedInterfaceOrientations_iPhone = "UIInterfaceOrientationPortrait UIInterfaceOrientationLandscapeLeft UIInterfaceOrientationLandscapeRight";
				LD_RUNPATH_SEARCH_PATHS = (
					"$(inherited)",
					"@executable_path/Frameworks",
				);
				MARKETING_VERSION = 1.0;
				PRODUCT_BUNDLE_IDENTIFIER = JopaEntertainment.MaratBetProject;
				PRODUCT_NAME = "$(TARGET_NAME)";
				SWIFT_EMIT_LOC_STRINGS = YES;
				SWIFT_VERSION = 5.0;
				TARGETED_DEVICE_FAMILY = "1,2";
			};
			name = Debug;
		};
		EBE9A90627FC417200436197 /* Release */ = {
			isa = XCBuildConfiguration;
			baseConfigurationReference = E4F4B14F913354B54BF3C7DD /* Pods-MaratBetProject.release.xcconfig */;
			buildSettings = {
				ASSETCATALOG_COMPILER_APPICON_NAME = AppIcon;
				ASSETCATALOG_COMPILER_GLOBAL_ACCENT_COLOR_NAME = AccentColor;
				CODE_SIGN_STYLE = Automatic;
				CURRENT_PROJECT_VERSION = 1;
				DEVELOPMENT_TEAM = 7NHN3ZNUVJ;
				GENERATE_INFOPLIST_FILE = YES;
				INFOPLIST_FILE = MaratBetProject/Info.plist;
				INFOPLIST_KEY_UIApplicationSupportsIndirectInputEvents = YES;
				INFOPLIST_KEY_UILaunchStoryboardName = LaunchScreen;
				INFOPLIST_KEY_UISupportedInterfaceOrientations_iPad = "UIInterfaceOrientationPortrait UIInterfaceOrientationPortraitUpsideDown UIInterfaceOrientationLandscapeLeft UIInterfaceOrientationLandscapeRight";
				INFOPLIST_KEY_UISupportedInterfaceOrientations_iPhone = "UIInterfaceOrientationPortrait UIInterfaceOrientationLandscapeLeft UIInterfaceOrientationLandscapeRight";
				LD_RUNPATH_SEARCH_PATHS = (
					"$(inherited)",
					"@executable_path/Frameworks",
				);
				MARKETING_VERSION = 1.0;
				PRODUCT_BUNDLE_IDENTIFIER = JopaEntertainment.MaratBetProject;
				PRODUCT_NAME = "$(TARGET_NAME)";
				SWIFT_EMIT_LOC_STRINGS = YES;
				SWIFT_VERSION = 5.0;
				TARGETED_DEVICE_FAMILY = "1,2";
			};
			name = Release;
		};
		EBE9A90827FC417200436197 /* Debug */ = {
			isa = XCBuildConfiguration;
			baseConfigurationReference = E7B4066CCEA999CACD1E2120 /* Pods-MaratBetProjectTests.debug.xcconfig */;
			buildSettings = {
				ALWAYS_EMBED_SWIFT_STANDARD_LIBRARIES = YES;
				BUNDLE_LOADER = "$(TEST_HOST)";
				CODE_SIGN_STYLE = Automatic;
				CURRENT_PROJECT_VERSION = 1;
				DEVELOPMENT_TEAM = 7NHN3ZNUVJ;
				GENERATE_INFOPLIST_FILE = YES;
				IPHONEOS_DEPLOYMENT_TARGET = 15.0;
				LD_RUNPATH_SEARCH_PATHS = (
					"$(inherited)",
					"@executable_path/Frameworks",
					"@loader_path/Frameworks",
				);
				MARKETING_VERSION = 1.0;
				PRODUCT_BUNDLE_IDENTIFIER = JopaEntertainment.MaratBetProjectTests;
				PRODUCT_NAME = "$(TARGET_NAME)";
				SWIFT_EMIT_LOC_STRINGS = NO;
				SWIFT_VERSION = 5.0;
				TARGETED_DEVICE_FAMILY = "1,2";
				TEST_HOST = "$(BUILT_PRODUCTS_DIR)/MaratBetProject.app/MaratBetProject";
			};
			name = Debug;
		};
		EBE9A90927FC417200436197 /* Release */ = {
			isa = XCBuildConfiguration;
			baseConfigurationReference = 1BD79FEDC0CA4200EAF25890 /* Pods-MaratBetProjectTests.release.xcconfig */;
			buildSettings = {
				ALWAYS_EMBED_SWIFT_STANDARD_LIBRARIES = YES;
				BUNDLE_LOADER = "$(TEST_HOST)";
				CODE_SIGN_STYLE = Automatic;
				CURRENT_PROJECT_VERSION = 1;
				DEVELOPMENT_TEAM = 7NHN3ZNUVJ;
				GENERATE_INFOPLIST_FILE = YES;
				IPHONEOS_DEPLOYMENT_TARGET = 15.0;
				LD_RUNPATH_SEARCH_PATHS = (
					"$(inherited)",
					"@executable_path/Frameworks",
					"@loader_path/Frameworks",
				);
				MARKETING_VERSION = 1.0;
				PRODUCT_BUNDLE_IDENTIFIER = JopaEntertainment.MaratBetProjectTests;
				PRODUCT_NAME = "$(TARGET_NAME)";
				SWIFT_EMIT_LOC_STRINGS = NO;
				SWIFT_VERSION = 5.0;
				TARGETED_DEVICE_FAMILY = "1,2";
				TEST_HOST = "$(BUILT_PRODUCTS_DIR)/MaratBetProject.app/MaratBetProject";
			};
			name = Release;
		};
/* End XCBuildConfiguration section */

/* Begin XCConfigurationList section */
		EBE9A8D227FC417100436197 /* Build configuration list for PBXProject "MaratBetProject" */ = {
			isa = XCConfigurationList;
			buildConfigurations = (
				EBE9A90227FC417200436197 /* Debug */,
				EBE9A90327FC417200436197 /* Release */,
			);
			defaultConfigurationIsVisible = 0;
			defaultConfigurationName = Release;
		};
		EBE9A90427FC417200436197 /* Build configuration list for PBXNativeTarget "MaratBetProject" */ = {
			isa = XCConfigurationList;
			buildConfigurations = (
				EBE9A90527FC417200436197 /* Debug */,
				EBE9A90627FC417200436197 /* Release */,
			);
			defaultConfigurationIsVisible = 0;
			defaultConfigurationName = Release;
		};
		EBE9A90727FC417200436197 /* Build configuration list for PBXNativeTarget "MaratBetProjectTests" */ = {
			isa = XCConfigurationList;
			buildConfigurations = (
				EBE9A90827FC417200436197 /* Debug */,
				EBE9A90927FC417200436197 /* Release */,
			);
			defaultConfigurationIsVisible = 0;
			defaultConfigurationName = Release;
		};
/* End XCConfigurationList section */

/* Begin XCVersionGroup section */
		EBE9A8E327FC417100436197 /* MaratBetProject.xcdatamodeld */ = {
			isa = XCVersionGroup;
			children = (
				EBE9A8E427FC417100436197 /* MaratBetProject.xcdatamodel */,
			);
			currentVersion = EBE9A8E427FC417100436197 /* MaratBetProject.xcdatamodel */;
			path = MaratBetProject.xcdatamodeld;
			sourceTree = "<group>";
			versionGroupType = wrapper.xcdatamodel;
		};
/* End XCVersionGroup section */
	};
	rootObject = EBE9A8CF27FC417100436197 /* Project object */;
}
